<Solution>
  <Folder Name="/Solution Items/">
    <File Path="Directory.Build.props" />
    <File Path="Directory.Packages.props" />
    <File Path="global.json" />
  </Folder>
  <Folder Name="/src/">
    <Project Path="src/PitCrew.Connector.Bootstrap/PitCrew.Connector.Bootstrap.csproj" />
    <Project Path="src/PitCrew.Dashboard.Bootstrap/PitCrew.Dashboard.Bootstrap.csproj" />
    <Project Path="src/PitCrew.Protocol/PitCrew.Protocol.csproj" />
    <Project Path="src/PitCrew.Support.Protocol.Tests/PitCrew.Support.Protocol.Tests.csproj" />
    <Project Path="src/PitCrew.Support.Protocol/PitCrew.Support.Protocol.csproj" />
  </Folder>
  <Folder Name="/src/Adapters/">
    <Project Path="src/Adapters/PitCrew.Dashboard.Adapters.GitHub.Tests/PitCrew.Dashboard.Adapters.GitHub.Tests.csproj" />
    <Project Path="src/Adapters/PitCrew.Dashboard.Adapters.GitHub/PitCrew.Dashboard.Adapters.GitHub.csproj" />
    <Project Path="src/Adapters/PitCrew.Dashboard.Adapters.Sqlite.Tests/PitCrew.Dashboard.Adapters.Sqlite.Tests.csproj" />
    <Project Path="src/Adapters/PitCrew.Dashboard.Adapters.Sqlite/PitCrew.Dashboard.Adapters.Sqlite.csproj" />
  </Folder>
  <Folder Name="/src/Applications/">
    <Project Path="src/PitCrew.Connector.App/PitCrew.Connector.App.csproj" />
    <Project Path="src/PitCrew.Dashboard.DatabaseTool/PitCrew.Dashboard.DatabaseTool.csproj" />
    <Project Path="src/PitCrew.Dashboard.WebApi.Tests/PitCrew.Dashboard.WebApi.Tests.csproj" />
    <Project Path="src/PitCrew.Dashboard.WebApi/PitCrew.Dashboard.WebApi.csproj" />
    <Project Path="src/PitCrew.Support.Agent.App.Tests/PitCrew.Support.Agent.App.Tests.csproj" />
    <Project Path="src/PitCrew.Support.Agent.App/PitCrew.Support.Agent.App.csproj" />
    <Project Path="src/PitCrew.Support.Broker.App.Tests/PitCrew.Support.Broker.App.Tests.csproj" />
    <Project Path="src/PitCrew.Support.Broker.App/PitCrew.Support.Broker.App.csproj" />
    <Project Path="src/PitCrew.Support.Relay.App.Tests/PitCrew.Support.Relay.App.Tests.csproj" />
    <Project Path="src/PitCrew.Support.Relay.App/PitCrew.Support.Relay.App.csproj" />
  </Folder>
  <Folder Name="/src/Canary/">
    <Project Path="src/PitCrew.Support.Canary.AppHost/PitCrew.Support.Canary.AppHost.csproj" />
    <Project Path="src/PitCrew.Support.Canary.Contracts/PitCrew.Support.Canary.Contracts.csproj" />
    <Project Path="src/PitCrew.Support.Canary.Runner/PitCrew.Support.Canary.Runner.csproj" />
    <Project Path="src/PitCrew.Support.Canary.Scenarios/PitCrew.Support.Canary.Scenarios.csproj" />
    <Project Path="src/PitCrew.Support.Canary.Tests/PitCrew.Support.Canary.Tests.csproj" />
  </Folder>
  <Folder Name="/src/Connector/">
    <Project Path="src/PitCrew.Connector.Features.Sync.Tests/PitCrew.Connector.Features.Sync.Tests.csproj" />
    <Project Path="src/PitCrew.Connector.Features.Sync/PitCrew.Connector.Features.Sync.csproj" />
  </Folder>
  <Folder Name="/src/Features/">
    <Project Path="src/PitCrew.Dashboard.Features.Access.Abstractions/PitCrew.Dashboard.Features.Access.Abstractions.csproj" />
    <Project Path="src/PitCrew.Dashboard.Features.Access/PitCrew.Dashboard.Features.Access.csproj" />
    <Project Path="src/PitCrew.Dashboard.Features.Fleet.Abstractions/PitCrew.Dashboard.Features.Fleet.Abstractions.csproj" />
    <Project Path="src/PitCrew.Dashboard.Features.Fleet.Tests/PitCrew.Dashboard.Features.Fleet.Tests.csproj" />
    <Project Path="src/PitCrew.Dashboard.Features.Fleet/PitCrew.Dashboard.Features.Fleet.csproj" />
    <Project Path="src/PitCrew.Dashboard.Features.Images.Abstractions/PitCrew.Dashboard.Features.Images.Abstractions.csproj" />
    <Project Path="src/PitCrew.Dashboard.Features.Images.Tests/PitCrew.Dashboard.Features.Images.Tests.csproj" />
    <Project Path="src/PitCrew.Dashboard.Features.Images/PitCrew.Dashboard.Features.Images.csproj" />
    <Project Path="src/PitCrew.Dashboard.Features.Support.Abstractions/PitCrew.Dashboard.Features.Support.Abstractions.csproj" />
    <Project Path="src/PitCrew.Dashboard.Features.Support/PitCrew.Dashboard.Features.Support.csproj" />
  </Folder>
  <Folder Name="/src/Kernel/">
    <Project Path="src/PitCrew.Dashboard.Kernel.Authentication/PitCrew.Dashboard.Kernel.Authentication.csproj" />
    <Project Path="src/PitCrew.Dashboard.Kernel.DisplayNames/PitCrew.Dashboard.Kernel.DisplayNames.csproj" />
    <Project Path="src/PitCrew.Dashboard.Kernel.ExceptionHandling/PitCrew.Dashboard.Kernel.ExceptionHandling.csproj" />
    <Project Path="src/PitCrew.Dashboard.Kernel.SecurityHeaders/PitCrew.Dashboard.Kernel.SecurityHeaders.csproj" />
  </Folder>
</Solution>
